{
  "version": 4,
  "terraform_version": "1.8.5",
  "serial": 10,
  "lineage": "822cea9a-3abf-0b83-a30a-b80aa636cd29",
  "outputs": {},
  "resources": [
    {
      "mode": "managed",
      "type": "aws_iam_openid_connect_provider",
      "name": "openid_connect_provider",
      "provider": "provider[\"registry.terraform.io/hashicorp/aws\"]",
      "instances": [
        {
          "schema_version": 0,
          "attributes": {
            "arn": "arn:aws:iam::381492262362:oidc-provider/token.actions.githubusercontent.com",
            "client_id_list": [
              "sts.amazonaws.com"
            ],
            "id": "arn:aws:iam::381492262362:oidc-provider/token.actions.githubusercontent.com",
            "tags": {
              "IaC": "True"
            },
            "tags_all": {
              "IaC": "True"
            },
            "thumbprint_list": [
              "959cb2b52b4ad201a593847abca32ff48f838c2e"
            ],
            "url": "token.actions.githubusercontent.com"
          },
          "sensitive_attributes": [],
          "private": "bnVsbA=="
        }
      ]
    },
    {
      "mode": "managed",
      "type": "aws_iam_role",
      "name": "ecr_role",
      "provider": "provider[\"registry.terraform.io/hashicorp/aws\"]",
      "instances": [
        {
          "schema_version": 0,
          "attributes": {
            "arn": "arn:aws:iam::381492262362:role/ecr_role",
            "assume_role_policy": "{\"Statement\":[{\"Action\":\"sts:AssumeRoleWithWebIdentity\",\"Condition\":{\"StringEquals\":{\"token.actions.githubusercontent.com:aud\":[\"sts.amazonaws.com\"],\"token.actions.githubusercontent.com:sub\":[\"repo:rcmonteiro/devops-create-image-nest-api:ref:refs/heads/main\"]}},\"Effect\":\"Allow\",\"Principal\":{\"Federated\":\"arn:aws:iam::381492262362:oidc-provider/token.actions.githubusercontent.com\"}}],\"Version\":\"2012-10-17\"}",
            "create_date": "2024-06-13T14:46:28Z",
            "description": "",
            "force_detach_policies": false,
            "id": "ecr_role",
            "inline_policy": [
              {
                "name": "ecr-app-permission",
                "policy": "{\"Version\":\"2012-10-17\",\"Statement\":[{\"Action\":[\"ecr:GetDownloadUrlForLayer\",\"ecr:BatchGetImage\",\"ecr:BatchCheckLayerAvailability\",\"ecr:PutImage\",\"ecr:InitiateLayerUpload\",\"ecr:UploadLayerPart\",\"ecr:CompleteLayerUpload\",\"ecr:GetAuthorizationToken\"],\"Effect\":\"Allow\",\"Resource\":\"*\"}]}"
              }
            ],
            "managed_policy_arns": [],
            "max_session_duration": 3600,
            "name": "ecr_role",
            "name_prefix": "",
            "path": "/",
            "permissions_boundary": "",
            "tags": {
              "IaC": "True"
            },
            "tags_all": {
              "IaC": "True"
            },
            "unique_id": "AROAVRUVV6XNFQSFABCAM"
          },
          "sensitive_attributes": [],
          "private": "bnVsbA=="
        }
      ]
    }
  ],
  "check_results": null
}
